
Microsoft Visual Studio Solution File, Format Version 12.00
# Visual Studio Version 16
VisualStudioVersion = 16.0.30104.148
MinimumVisualStudioVersion = 10.0.40219.1
Project("{888888A0-9F3D-457C-B088-3A5042F75D52}") = "Webscraper", "Webscraper.pyproj", "{E960592E-324D-4B2A-9091-77B1961BE5B7}"
EndProject
Global
	GlobalSection(SolutionConfigurationPlatforms) = preSolution
		Debug|Any CPU = Debug|Any CPU
		Release|Any CPU = Release|Any CPU
	EndGlobalSection
	GlobalSection(ProjectConfigurationPlatforms) = postSolution
		{E960592E-324D-4B2A-9091-77B1961BE5B7}.Debug|Any CPU.ActiveCfg = Debug|Any CPU
		{E960592E-324D-4B2A-9091-77B1961BE5B7}.Release|Any CPU.ActiveCfg = Release|Any CPU
	EndGlobalSection
	GlobalSection(SolutionProperties) = preSolution
		HideSolutionNode = FALSE
	EndGlobalSection
	GlobalSection(ExtensibilityGlobals) = postSolution
		SolutionGuid = {ED87DA92-A5CF-49BF-8592-96FCA382F915}
	EndGlobalSection
EndGlobal
